
Microsoft Visual Studio Solution File, Format Version 12.00
# Visual Studio 2013
VisualStudioVersion = 12.0.40629.0
MinimumVisualStudioVersion = 10.0.40219.1
Project("{FAE04EC0-301F-11D3-BF4B-00C04F79EFBC}") = "PatientScheduler.UnitTest", "PatientScheduler.UnitTest\PatientScheduler.UnitTest.csproj", "{073AF6EF-2B4F-4723-BFBC-72F899C9190D}"
EndProject
Project("{FAE04EC0-301F-11D3-BF4B-00C04F79EFBC}") = "PatientSchedulerClient", "PatientScheduler.Client\PatientSchedulerClient.csproj", "{7485963A-5268-4615-92BF-C99E3E095E17}"
EndProject
Project("{FAE04EC0-301F-11D3-BF4B-00C04F79EFBC}") = "PatientScheduler.Service", "PatientScheduler.Service\PatientScheduler.Service.csproj", "{C98BA56E-4C8D-4802-91B7-F44CA7748AA3}"
EndProject
Project("{2150E333-8FDC-42A3-9474-1A3956D46DE8}") = "Solution Items", "Solution Items", "{8FCE6F83-FFA5-462D-8FF0-4656C01C07BF}"
	ProjectSection(SolutionItems) = preProject
		ReadMe.md = ReadMe.md
	EndProjectSection
EndProject
Global
	GlobalSection(SolutionConfigurationPlatforms) = preSolution
		Debug|Any CPU = Debug|Any CPU
		Release|Any CPU = Release|Any CPU
	EndGlobalSection
	GlobalSection(ProjectConfigurationPlatforms) = postSolution
		{073AF6EF-2B4F-4723-BFBC-72F899C9190D}.Debug|Any CPU.ActiveCfg = Debug|Any CPU
		{073AF6EF-2B4F-4723-BFBC-72F899C9190D}.Debug|Any CPU.Build.0 = Debug|Any CPU
		{073AF6EF-2B4F-4723-BFBC-72F899C9190D}.Release|Any CPU.ActiveCfg = Release|Any CPU
		{073AF6EF-2B4F-4723-BFBC-72F899C9190D}.Release|Any CPU.Build.0 = Release|Any CPU
		{7485963A-5268-4615-92BF-C99E3E095E17}.Debug|Any CPU.ActiveCfg = Debug|Any CPU
		{7485963A-5268-4615-92BF-C99E3E095E17}.Debug|Any CPU.Build.0 = Debug|Any CPU
		{7485963A-5268-4615-92BF-C99E3E095E17}.Release|Any CPU.ActiveCfg = Release|Any CPU
		{7485963A-5268-4615-92BF-C99E3E095E17}.Release|Any CPU.Build.0 = Release|Any CPU
		{C98BA56E-4C8D-4802-91B7-F44CA7748AA3}.Debug|Any CPU.ActiveCfg = Debug|Any CPU
		{C98BA56E-4C8D-4802-91B7-F44CA7748AA3}.Debug|Any CPU.Build.0 = Debug|Any CPU
		{C98BA56E-4C8D-4802-91B7-F44CA7748AA3}.Release|Any CPU.ActiveCfg = Release|Any CPU
		{C98BA56E-4C8D-4802-91B7-F44CA7748AA3}.Release|Any CPU.Build.0 = Release|Any CPU
	EndGlobalSection
	GlobalSection(SolutionProperties) = preSolution
		HideSolutionNode = FALSE
	EndGlobalSection
EndGlobal
